PODS:
  - PromiseKit (6.11.0):
    - PromiseKit/CorePromise (= 6.11.0)
    - PromiseKit/Foundation (= 6.11.0)
    - PromiseKit/UIKit (= 6.11.0)
  - PromiseKit/CorePromise (6.11.0)
  - PromiseKit/Foundation (6.11.0):
    - PromiseKit/CorePromise
  - PromiseKit/UIKit (6.11.0):
    - PromiseKit/CorePromise

DEPENDENCIES:
  - PromiseKit (~> 6.8)

SPEC REPOS:
  https://github.com/cocoapods/specs.git:
    - PromiseKit

SPEC CHECKSUMS:
  PromiseKit: e4863d06976e7dee5e41c04fc7371c16b3600292

PODFILE CHECKSUM: 3b5c9949024e12114281772324cb3e1a6ad47fac

COCOAPODS: 1.5.3
